
Microsoft Visual Studio Solution File, Format Version 12.00
# Visual Studio Version 17
VisualStudioVersion = 17.7.34031.279
MinimumVisualStudioVersion = 10.0.40219.1
Project("{FAE04EC0-301F-11D3-BF4B-00C04F79EFBC}") = "WinFormsApp1", "WinFormsApp1\WinFormsApp1.csproj", "{B124572B-80DC-465D-9688-08EAFA1F232A}"
EndProject
Global
	GlobalSection(SolutionConfigurationPlatforms) = preSolution
		Debug|Any CPU = Debug|Any CPU
		Release|Any CPU = Release|Any CPU
	EndGlobalSection
	GlobalSection(ProjectConfigurationPlatforms) = postSolution
		{B124572B-80DC-465D-9688-08EAFA1F232A}.Debug|Any CPU.ActiveCfg = Debug|Any CPU
		{B124572B-80DC-465D-9688-08EAFA1F232A}.Debug|Any CPU.Build.0 = Debug|Any CPU
		{B124572B-80DC-465D-9688-08EAFA1F232A}.Release|Any CPU.ActiveCfg = Release|Any CPU
		{B124572B-80DC-465D-9688-08EAFA1F232A}.Release|Any CPU.Build.0 = Release|Any CPU
	EndGlobalSection
	GlobalSection(SolutionProperties) = preSolution
		HideSolutionNode = FALSE
	EndGlobalSection
	GlobalSection(ExtensibilityGlobals) = postSolution
		SolutionGuid = {41D1E52D-F041-418D-8D21-DF97A117C6FD}
	EndGlobalSection
EndGlobal
